GEM
  remote: https://rubygems.org/
  specs:
    certified (1.0.0)
    httpclient (2.8.0)
    mini_portile2 (2.8.8)
    nokogiri (1.15.7)
      mini_portile2 (~> 2.8.2)
      racc (~> 1.4)
    nokogiri (1.15.7-x64-mingw32)
      racc (~> 1.4)
    racc (1.8.1)

PLATFORMS
  ruby
  x64-mingw32

DEPENDENCIES
  certified
  httpclient
  nokogiri (>= 1.15.7)

BUNDLED WITH
   1.17.3
