GEM
  remote: https://rubygems.org/
  specs:
    certified (1.0.0)
    httpclient (2.8.0)
    mini_portile2 (2.8.5)
    nokogiri (1.15.6)
      mini_portile2 (~> 2.8.2)
      racc (~> 1.4)
    nokogiri (1.15.6-x64-mingw32)
      racc (~> 1.4)
    racc (1.7.3)

PLATFORMS
  ruby
  x64-mingw32

DEPENDENCIES
  certified
  httpclient
  nokogiri (>= 1.15.6)

BUNDLED WITH
   1.17.3
